{
  "version": 4,
  "terraform_version": "1.13.3",
  "serial": 26,
  "lineage": "2880d46a-004f-ead8-0786-efb2c50a2df2",
  "outputs": {
    "BucketName": {
      "value": "demo-s3-7541-abc-ind16817314678968123284",
      "type": "string"
    },
    "Bucket_id": {
      "value": "demo-s3-7541-abc-ind16817314678968123284",
      "type": "string"
    },
    "Result": {
      "value": "16817314678968123284",
      "type": "string"
    },
    "acl": {
      "value": {},
      "type": [
        "map",
        "string"
      ]
    },
    "arn": {
      "value": "arn:aws:s3:::demo-s3-7541-abc-ind16817314678968123284",
      "type": "string"
    },
    "regionOfS3_creation": {
      "value": "us-east-2",
      "type": "string"
    }
  },
  "resources": [
    {
      "mode": "managed",
      "type": "aws_s3_bucket",
      "name": "demo_bucket",
      "provider": "provider[\"registry.terraform.io/hashicorp/aws\"]",
      "instances": [
        {
          "schema_version": 0,
          "attributes": {
            "acceleration_status": "",
            "acl": null,
            "arn": "arn:aws:s3:::demo-s3-7541-abc-ind16817314678968123284",
            "bucket": "demo-s3-7541-abc-ind16817314678968123284",
            "bucket_domain_name": "demo-s3-7541-abc-ind16817314678968123284.s3.amazonaws.com",
            "bucket_prefix": "",
            "bucket_region": "us-east-2",
            "bucket_regional_domain_name": "demo-s3-7541-abc-ind16817314678968123284.s3.us-east-2.amazonaws.com",
            "cors_rule": [],
            "force_destroy": false,
            "grant": [
              {
                "id": "bc83527d5ab0369ce2499987ecf7767803b0898aa3beb4fc735909a985829e1d",
                "permissions": [
                  "FULL_CONTROL"
                ],
                "type": "CanonicalUser",
                "uri": ""
              }
            ],
            "hosted_zone_id": "Z2O1EMRO9K5GLX",
            "id": "demo-s3-7541-abc-ind16817314678968123284",
            "lifecycle_rule": [],
            "logging": [],
            "object_lock_configuration": [],
            "object_lock_enabled": false,
            "policy": "",
            "region": "us-east-2",
            "replication_configuration": [],
            "request_payer": "BucketOwner",
            "server_side_encryption_configuration": [
              {
                "rule": [
                  {
                    "apply_server_side_encryption_by_default": [
                      {
                        "kms_master_key_id": "",
                        "sse_algorithm": "AES256"
                      }
                    ],
                    "bucket_key_enabled": false
                  }
                ]
              }
            ],
            "tags": null,
            "tags_all": {},
            "timeouts": null,
            "versioning": [
              {
                "enabled": false,
                "mfa_delete": false
              }
            ],
            "website": [],
            "website_domain": null,
            "website_endpoint": null
          },
          "sensitive_attributes": [],
          "identity_schema_version": 0,
          "identity": {
            "account_id": "041683371691",
            "bucket": "demo-s3-7541-abc-ind16817314678968123284",
            "region": "us-east-2"
          },
          "private": "eyJlMmJmYjczMC1lY2FhLTExZTYtOGY4OC0zNDM2M2JjN2M0YzAiOnsiY3JlYXRlIjoxMjAwMDAwMDAwMDAwLCJkZWxldGUiOjM2MDAwMDAwMDAwMDAsInJlYWQiOjEyMDAwMDAwMDAwMDAsInVwZGF0ZSI6MTIwMDAwMDAwMDAwMH19",
          "dependencies": [
            "random_id.rand_id"
          ]
        }
      ]
    },
    {
      "mode": "managed",
      "type": "aws_s3_object",
      "name": "MyFileObj",
      "provider": "provider[\"registry.terraform.io/hashicorp/aws\"]",
      "instances": [
        {
          "schema_version": 0,
          "attributes": {
            "acl": null,
            "arn": "arn:aws:s3:::demo-s3-7541-abc-ind16817314678968123284/mydatafile.txt",
            "bucket": "demo-s3-7541-abc-ind16817314678968123284",
            "bucket_key_enabled": false,
            "cache_control": "",
            "checksum_algorithm": null,
            "checksum_crc32": "",
            "checksum_crc32c": "",
            "checksum_crc64nvme": "",
            "checksum_sha1": "",
            "checksum_sha256": "",
            "content": null,
            "content_base64": null,
            "content_disposition": "",
            "content_encoding": "",
            "content_language": "",
            "content_type": "application/octet-stream",
            "etag": "d7fee3bb21ed45545d3757b4a13a9504",
            "force_destroy": false,
            "id": "demo-s3-7541-abc-ind16817314678968123284/mydatafile.txt",
            "key": "mydatafile.txt",
            "kms_key_id": null,
            "metadata": null,
            "object_lock_legal_hold_status": "",
            "object_lock_mode": "",
            "object_lock_retain_until_date": "",
            "override_provider": [],
            "region": "us-east-2",
            "server_side_encryption": "AES256",
            "source": "./myfile.txt",
            "source_hash": null,
            "storage_class": "STANDARD",
            "tags": null,
            "tags_all": {},
            "version_id": "",
            "website_redirect": ""
          },
          "sensitive_attributes": [],
          "identity_schema_version": 0,
          "identity": {
            "account_id": "041683371691",
            "bucket": "demo-s3-7541-abc-ind16817314678968123284",
            "key": "mydatafile.txt",
            "region": "us-east-2"
          },
          "private": "bnVsbA==",
          "dependencies": [
            "aws_s3_bucket.demo_bucket",
            "random_id.rand_id"
          ]
        }
      ]
    },
    {
      "mode": "managed",
      "type": "random_id",
      "name": "rand_id",
      "provider": "provider[\"registry.terraform.io/hashicorp/random\"]",
      "instances": [
        {
          "schema_version": 0,
          "attributes": {
            "b64_std": "6WMamTvbf5Q=",
            "b64_url": "6WMamTvbf5Q",
            "byte_length": 8,
            "dec": "16817314678968123284",
            "hex": "e9631a993bdb7f94",
            "id": "6WMamTvbf5Q",
            "keepers": null,
            "prefix": null
          },
          "sensitive_attributes": [],
          "identity_schema_version": 0
        }
      ]
    }
  ],
  "check_results": null
}
