{
  "version": 4,
  "terraform_version": "1.13.3",
  "serial": 23,
  "lineage": "817ade00-268e-2ec4-b9aa-cc2bf28e337e",
  "outputs": {
    "bucket_Created": {
      "value": "mywebapp-bucket11277547910121130154",
      "type": "string"
    },
    "random": {
      "value": "11277547910121130154",
      "type": "string"
    },
    "url": {
      "value": "mywebapp-bucket11277547910121130154.s3-website.us-east-2.amazonaws.com",
      "type": "string"
    }
  },
  "resources": [
    {
      "mode": "managed",
      "type": "aws_s3_bucket",
      "name": "mywebapp_bucket",
      "provider": "provider[\"registry.terraform.io/hashicorp/aws\"]",
      "instances": [
        {
          "schema_version": 0,
          "attributes": {
            "acceleration_status": "",
            "acl": null,
            "arn": "arn:aws:s3:::mywebapp-bucket11277547910121130154",
            "bucket": "mywebapp-bucket11277547910121130154",
            "bucket_domain_name": "mywebapp-bucket11277547910121130154.s3.amazonaws.com",
            "bucket_prefix": "",
            "bucket_region": "us-east-2",
            "bucket_regional_domain_name": "mywebapp-bucket11277547910121130154.s3.us-east-2.amazonaws.com",
            "cors_rule": [],
            "force_destroy": false,
            "grant": [
              {
                "id": "bc83527d5ab0369ce2499987ecf7767803b0898aa3beb4fc735909a985829e1d",
                "permissions": [
                  "FULL_CONTROL"
                ],
                "type": "CanonicalUser",
                "uri": ""
              }
            ],
            "hosted_zone_id": "Z2O1EMRO9K5GLX",
            "id": "mywebapp-bucket11277547910121130154",
            "lifecycle_rule": [],
            "logging": [],
            "object_lock_configuration": [],
            "object_lock_enabled": false,
            "policy": "{\"Statement\":[{\"Action\":\"s3:GetObject\",\"Effect\":\"Allow\",\"Principal\":\"*\",\"Resource\":\"arn:aws:s3:::mywebapp-bucket11277547910121130154/*\",\"Sid\":\"Public Read Object\"}],\"Version\":\"2012-10-17\"}",
            "region": "us-east-2",
            "replication_configuration": [],
            "request_payer": "BucketOwner",
            "server_side_encryption_configuration": [
              {
                "rule": [
                  {
                    "apply_server_side_encryption_by_default": [
                      {
                        "kms_master_key_id": "",
                        "sse_algorithm": "AES256"
                      }
                    ],
                    "bucket_key_enabled": false
                  }
                ]
              }
            ],
            "tags": {},
            "tags_all": {},
            "timeouts": null,
            "versioning": [
              {
                "enabled": false,
                "mfa_delete": false
              }
            ],
            "website": [
              {
                "error_document": "",
                "index_document": "index.html",
                "redirect_all_requests_to": "",
                "routing_rules": ""
              }
            ],
            "website_domain": "s3-website.us-east-2.amazonaws.com",
            "website_endpoint": "mywebapp-bucket11277547910121130154.s3-website.us-east-2.amazonaws.com"
          },
          "sensitive_attributes": [],
          "identity_schema_version": 0,
          "identity": {
            "account_id": "041683371691",
            "bucket": "mywebapp-bucket11277547910121130154",
            "region": "us-east-2"
          },
          "private": "eyJlMmJmYjczMC1lY2FhLTExZTYtOGY4OC0zNDM2M2JjN2M0YzAiOnsiY3JlYXRlIjoxMjAwMDAwMDAwMDAwLCJkZWxldGUiOjM2MDAwMDAwMDAwMDAsInJlYWQiOjEyMDAwMDAwMDAwMDAsInVwZGF0ZSI6MTIwMDAwMDAwMDAwMH19",
          "dependencies": [
            "random_id.rand_id"
          ]
        }
      ]
    },
    {
      "mode": "managed",
      "type": "aws_s3_bucket_policy",
      "name": "allow_public_access",
      "provider": "provider[\"registry.terraform.io/hashicorp/aws\"]",
      "instances": [
        {
          "schema_version": 0,
          "attributes": {
            "bucket": "mywebapp-bucket11277547910121130154",
            "id": "mywebapp-bucket11277547910121130154",
            "policy": "{\"Statement\":[{\"Action\":\"s3:GetObject\",\"Effect\":\"Allow\",\"Principal\":\"*\",\"Resource\":\"arn:aws:s3:::mywebapp-bucket11277547910121130154/*\",\"Sid\":\"Public Read Object\"}],\"Version\":\"2012-10-17\"}",
            "region": "us-east-2"
          },
          "sensitive_attributes": [],
          "identity_schema_version": 0,
          "identity": {
            "account_id": "041683371691",
            "bucket": "mywebapp-bucket11277547910121130154",
            "region": "us-east-2"
          },
          "private": "bnVsbA==",
          "dependencies": [
            "aws_s3_bucket.mywebapp_bucket",
            "random_id.rand_id"
          ]
        }
      ]
    },
    {
      "mode": "managed",
      "type": "aws_s3_bucket_public_access_block",
      "name": "public-access",
      "provider": "provider[\"registry.terraform.io/hashicorp/aws\"]",
      "instances": [
        {
          "schema_version": 0,
          "attributes": {
            "block_public_acls": false,
            "block_public_policy": false,
            "bucket": "mywebapp-bucket11277547910121130154",
            "id": "mywebapp-bucket11277547910121130154",
            "ignore_public_acls": false,
            "region": "us-east-2",
            "restrict_public_buckets": false,
            "skip_destroy": null
          },
          "sensitive_attributes": [],
          "identity_schema_version": 0,
          "identity": {
            "account_id": "041683371691",
            "bucket": "mywebapp-bucket11277547910121130154",
            "region": "us-east-2"
          },
          "private": "bnVsbA==",
          "dependencies": [
            "aws_s3_bucket.mywebapp_bucket",
            "random_id.rand_id"
          ]
        }
      ]
    },
    {
      "mode": "managed",
      "type": "aws_s3_bucket_website_configuration",
      "name": "webapp",
      "provider": "provider[\"registry.terraform.io/hashicorp/aws\"]",
      "instances": [
        {
          "schema_version": 0,
          "attributes": {
            "bucket": "mywebapp-bucket11277547910121130154",
            "error_document": [],
            "expected_bucket_owner": "",
            "id": "mywebapp-bucket11277547910121130154",
            "index_document": [
              {
                "suffix": "index.html"
              }
            ],
            "redirect_all_requests_to": [],
            "region": "us-east-2",
            "routing_rule": [],
            "routing_rules": "",
            "website_domain": "s3-website.us-east-2.amazonaws.com",
            "website_endpoint": "mywebapp-bucket11277547910121130154.s3-website.us-east-2.amazonaws.com"
          },
          "sensitive_attributes": [],
          "identity_schema_version": 0,
          "identity": {
            "account_id": "041683371691",
            "bucket": "mywebapp-bucket11277547910121130154",
            "expected_bucket_owner": null,
            "region": "us-east-2"
          },
          "private": "bnVsbA==",
          "dependencies": [
            "aws_s3_bucket.mywebapp_bucket",
            "random_id.rand_id"
          ]
        }
      ]
    },
    {
      "mode": "managed",
      "type": "aws_s3_object",
      "name": "Index_html",
      "provider": "provider[\"registry.terraform.io/hashicorp/aws\"]",
      "instances": [
        {
          "schema_version": 0,
          "attributes": {
            "acl": null,
            "arn": "arn:aws:s3:::mywebapp-bucket11277547910121130154/index.html",
            "bucket": "mywebapp-bucket11277547910121130154",
            "bucket_key_enabled": false,
            "cache_control": "",
            "checksum_algorithm": null,
            "checksum_crc32": "",
            "checksum_crc32c": "",
            "checksum_crc64nvme": "",
            "checksum_sha1": "",
            "checksum_sha256": "",
            "content": null,
            "content_base64": null,
            "content_disposition": "",
            "content_encoding": "",
            "content_language": "",
            "content_type": "text/html",
            "etag": "c1175380dbe14ae569055dd4c15ab3d4",
            "force_destroy": false,
            "id": "mywebapp-bucket11277547910121130154/index.html",
            "key": "index.html",
            "kms_key_id": null,
            "metadata": {},
            "object_lock_legal_hold_status": "",
            "object_lock_mode": "",
            "object_lock_retain_until_date": "",
            "override_provider": [],
            "region": "us-east-2",
            "server_side_encryption": "AES256",
            "source": "./index.html",
            "source_hash": null,
            "storage_class": "STANDARD",
            "tags": {},
            "tags_all": {},
            "version_id": "",
            "website_redirect": ""
          },
          "sensitive_attributes": [],
          "identity_schema_version": 0,
          "identity": {
            "account_id": "041683371691",
            "bucket": "mywebapp-bucket11277547910121130154",
            "key": "index.html",
            "region": "us-east-2"
          },
          "private": "bnVsbA==",
          "dependencies": [
            "aws_s3_bucket.mywebapp_bucket",
            "random_id.rand_id"
          ]
        }
      ]
    },
    {
      "mode": "managed",
      "type": "aws_s3_object",
      "name": "Style_css",
      "provider": "provider[\"registry.terraform.io/hashicorp/aws\"]",
      "instances": [
        {
          "schema_version": 0,
          "attributes": {
            "acl": null,
            "arn": "arn:aws:s3:::mywebapp-bucket11277547910121130154/style.css",
            "bucket": "mywebapp-bucket11277547910121130154",
            "bucket_key_enabled": false,
            "cache_control": "",
            "checksum_algorithm": null,
            "checksum_crc32": "",
            "checksum_crc32c": "",
            "checksum_crc64nvme": "",
            "checksum_sha1": "",
            "checksum_sha256": "",
            "content": null,
            "content_base64": null,
            "content_disposition": "",
            "content_encoding": "",
            "content_language": "",
            "content_type": "text/css",
            "etag": "2ebb87f830f14b33b0d723aaadabef66",
            "force_destroy": false,
            "id": "mywebapp-bucket11277547910121130154/style.css",
            "key": "style.css",
            "kms_key_id": null,
            "metadata": {},
            "object_lock_legal_hold_status": "",
            "object_lock_mode": "",
            "object_lock_retain_until_date": "",
            "override_provider": [],
            "region": "us-east-2",
            "server_side_encryption": "AES256",
            "source": "./style.css",
            "source_hash": null,
            "storage_class": "STANDARD",
            "tags": {},
            "tags_all": {},
            "version_id": "",
            "website_redirect": ""
          },
          "sensitive_attributes": [],
          "identity_schema_version": 0,
          "identity": {
            "account_id": "041683371691",
            "bucket": "mywebapp-bucket11277547910121130154",
            "key": "style.css",
            "region": "us-east-2"
          },
          "private": "bnVsbA==",
          "dependencies": [
            "aws_s3_bucket.mywebapp_bucket",
            "random_id.rand_id"
          ]
        }
      ]
    },
    {
      "mode": "managed",
      "type": "random_id",
      "name": "rand_id",
      "provider": "provider[\"registry.terraform.io/hashicorp/random\"]",
      "instances": [
        {
          "schema_version": 0,
          "attributes": {
            "b64_std": "nIHmEsA4CKo=",
            "b64_url": "nIHmEsA4CKo",
            "byte_length": 8,
            "dec": "11277547910121130154",
            "hex": "9c81e612c03808aa",
            "id": "nIHmEsA4CKo",
            "keepers": null,
            "prefix": null
          },
          "sensitive_attributes": [],
          "identity_schema_version": 0
        }
      ]
    }
  ],
  "check_results": null
}
